// !$*UTF8*$!
{
	archiveVersion = 1;
	classes = {
	};
	objectVersion = 46;
	objects = {

/* Begin PBXBuildFile section */
		0924E2FD1A95E1440014A98C /* main.swift in Sources */ = {isa = PBXBuildFile; fileRef = 0924E2FC1A95E1440014A98C /* main.swift */; };
		0924E3061A95FB660014A98C /* chip8.swift in Sources */ = {isa = PBXBuildFile; fileRef = 0924E3051A95FB660014A98C /* chip8.swift */; };
		0924E3081A95FB7D0014A98C /* Stack.swift in Sources */ = {isa = PBXBuildFile; fileRef = 0924E3071A95FB7D0014A98C /* Stack.swift */; };
/* End PBXBuildFile section */

/* Begin PBXCopyFilesBuildPhase section */
		0924E2F71A95E1440014A98C /* CopyFiles */ = {
			isa = PBXCopyFilesBuildPhase;
			buildActionMask = 2147483647;
			dstPath = /usr/share/man/man1/;
			dstSubfolderSpec = 0;
			files = (
			);
			runOnlyForDeploymentPostprocessing = 1;
		};
/* End PBXCopyFilesBuildPhase section */

/* Begin PBXFileReference section */
		0924E2F91A95E1440014A98C /* j8 */ = {isa = PBXFileReference; explicitFileType = "compiled.mach-o.executable"; includeInIndex = 0; path = j8; sourceTree = BUILT_PRODUCTS_DIR; };
		0924E2FC1A95E1440014A98C /* main.swift */ = {isa = PBXFileReference; lastKnownFileType = sourcecode.swift; path = main.swift; sourceTree = "<group>"; };
		0924E3051A95FB660014A98C /* chip8.swift */ = {isa = PBXFileReference; fileEncoding = 4; lastKnownFileType = sourcecode.swift; path = chip8.swift; sourceTree = "<group>"; };
		0924E3071A95FB7D0014A98C /* Stack.swift */ = {isa = PBXFileReference; fileEncoding = 4; lastKnownFileType = sourcecode.swift; path = Stack.swift; sourceTree = "<group>"; };
/* End PBXFileReference section */

/* Begin PBXFrameworksBuildPhase section */
		0924E2F61A95E1440014A98C /* Frameworks */ = {
			isa = PBXFrameworksBuildPhase;
			buildActionMask = 2147483647;
			files = (
			);
			runOnlyForDeploymentPostprocessing = 0;
		};
/* End PBXFrameworksBuildPhase section */

/* Begin PBXGroup section */
		0924E2F01A95E1440014A98C = {
			isa = PBXGroup;
			children = (
				0924E2FB1A95E1440014A98C /* j8 */,
				0924E2FA1A95E1440014A98C /* Products */,
			);
			sourceTree = "<group>";
		};
		0924E2FA1A95E1440014A98C /* Products */ = {
			isa = PBXGroup;
			children = (
				0924E2F91A95E1440014A98C /* j8 */,
			);
			name = Products;
			sourceTree = "<group>";
		};
		0924E2FB1A95E1440014A98C /* j8 */ = {
			isa = PBXGroup;
			children = (
				0924E2FC1A95E1440014A98C /* main.swift */,
				0924E3051A95FB660014A98C /* chip8.swift */,
				0924E3071A95FB7D0014A98C /* Stack.swift */,
			);
			path = j8;
			sourceTree = "<group>";
		};
/* End PBXGroup section */

/* Begin PBXNativeTarget section */
		0924E2F81A95E1440014A98C /* j8 */ = {
			isa = PBXNativeTarget;
			buildConfigurationList = 0924E3001A95E1440014A98C /* Build configuration list for PBXNativeTarget "j8" */;
			buildPhases = (
				0924E2F51A95E1440014A98C /* Sources */,
				0924E2F61A95E1440014A98C /* Frameworks */,
				0924E2F71A95E1440014A98C /* CopyFiles */,
			);
			buildRules = (
			);
			dependencies = (
			);
			name = j8;
			productName = j8;
			productReference = 0924E2F91A95E1440014A98C /* j8 */;
			productType = "com.apple.product-type.tool";
		};
/* End PBXNativeTarget section */

/* Begin PBXProject section */
		0924E2F11A95E1440014A98C /* Project object */ = {
			isa = PBXProject;
			attributes = {
				LastUpgradeCheck = 0630;
				ORGANIZATIONNAME = "John Heaton";
				TargetAttributes = {
					0924E2F81A95E1440014A98C = {
						CreatedOnToolsVersion = 6.3;
					};
				};
			};
			buildConfigurationList = 0924E2F41A95E1440014A98C /* Build configuration list for PBXProject "j8" */;
			compatibilityVersion = "Xcode 3.2";
			developmentRegion = English;
			hasScannedForEncodings = 0;
			knownRegions = (
				en,
			);
			mainGroup = 0924E2F01A95E1440014A98C;
			productRefGroup = 0924E2FA1A95E1440014A98C /* Products */;
			projectDirPath = "";
			projectRoot = "";
			targets = (
				0924E2F81A95E1440014A98C /* j8 */,
			);
		};
/* End PBXProject section */

/* Begin PBXSourcesBuildPhase section */
		0924E2F51A95E1440014A98C /* Sources */ = {
			isa = PBXSourcesBuildPhase;
			buildActionMask = 2147483647;
			files = (
				0924E3081A95FB7D0014A98C /* Stack.swift in Sources */,
				0924E3061A95FB660014A98C /* chip8.swift in Sources */,
				0924E2FD1A95E1440014A98C /* main.swift in Sources */,
			);
			runOnlyForDeploymentPostprocessing = 0;
		};
/* End PBXSourcesBuildPhase section */

/* Begin XCBuildConfiguration section */
		0924E2FE1A95E1440014A98C /* Debug */ = {
			isa = XCBuildConfiguration;
			buildSettings = {
				ALWAYS_SEARCH_USER_PATHS = NO;
				CLANG_CXX_LANGUAGE_STANDARD = "gnu++0x";
				CLANG_CXX_LIBRARY = "libc++";
				CLANG_ENABLE_MODULES = YES;
				CLANG_ENABLE_OBJC_ARC = YES;
				CLANG_WARN_BOOL_CONVERSION = YES;
				CLANG_WARN_CONSTANT_CONVERSION = YES;
				CLANG_WARN_DIRECT_OBJC_ISA_USAGE = YES_ERROR;
				CLANG_WARN_EMPTY_BODY = YES;
				CLANG_WARN_ENUM_CONVERSION = YES;
				CLANG_WARN_INT_CONVERSION = YES;
				CLANG_WARN_OBJC_ROOT_CLASS = YES_ERROR;
				CLANG_WARN_UNREACHABLE_CODE = YES;
				CLANG_WARN__DUPLICATE_METHOD_MATCH = YES;
				COPY_PHASE_STRIP = NO;
				DEBUG_INFORMATION_FORMAT = dwarf;
				ENABLE_STRICT_OBJC_MSGSEND = YES;
				GCC_C_LANGUAGE_STANDARD = gnu99;
				GCC_DYNAMIC_NO_PIC = NO;
				GCC_OPTIMIZATION_LEVEL = 0;
				GCC_PREPROCESSOR_DEFINITIONS = (
					"DEBUG=1",
					"$(inherited)",
				);
				GCC_SYMBOLS_PRIVATE_EXTERN = NO;
				GCC_WARN_64_TO_32_BIT_CONVERSION = YES;
				GCC_WARN_ABOUT_RETURN_TYPE = YES_ERROR;
				GCC_WARN_UNDECLARED_SELECTOR = YES;
				GCC_WARN_UNINITIALIZED_AUTOS = YES_AGGRESSIVE;
				GCC_WARN_UNUSED_FUNCTION = YES;
				GCC_WARN_UNUSED_VARIABLE = YES;
				MACOSX_DEPLOYMENT_TARGET = 10.10;
				MTL_ENABLE_DEBUG_INFO = YES;
				ONLY_ACTIVE_ARCH = YES;
				SDKROOT = macosx;
				SWIFT_OPTIMIZATION_LEVEL = "-Onone";
			};
			name = Debug;
		};
		0924E2FF1A95E1440014A98C /* Release */ = {
			isa = XCBuildConfiguration;
			buildSettings = {
				ALWAYS_SEARCH_USER_PATHS = NO;
				CLANG_CXX_LANGUAGE_STANDARD = "gnu++0x";
				CLANG_CXX_LIBRARY = "libc++";
				CLANG_ENABLE_MODULES = YES;
				CLANG_ENABLE_OBJC_ARC = YES;
				CLANG_WARN_BOOL_CONVERSION = YES;
				CLANG_WARN_CONSTANT_CONVERSION = YES;
				CLANG_WARN_DIRECT_OBJC_ISA_USAGE = YES_ERROR;
				CLANG_WARN_EMPTY_BODY = YES;
				CLANG_WARN_ENUM_CONVERSION = YES;
				CLANG_WARN_INT_CONVERSION = YES;
				CLANG_WARN_OBJC_ROOT_CLASS = YES_ERROR;
				CLANG_WARN_UNREACHABLE_CODE = YES;
				CLANG_WARN__DUPLICATE_METHOD_MATCH = YES;
				COPY_PHASE_STRIP = NO;
				DEBUG_INFORMATION_FORMAT = "dwarf-with-dsym";
				ENABLE_NS_ASSERTIONS = NO;
				ENABLE_STRICT_OBJC_MSGSEND = YES;
				GCC_C_LANGUAGE_STANDARD = gnu99;
				GCC_WARN_64_TO_32_BIT_CONVERSION = YES;
				GCC_WARN_ABOUT_RETURN_TYPE = YES_ERROR;
				GCC_WARN_UNDECLARED_SELECTOR = YES;
				GCC_WARN_UNINITIALIZED_AUTOS = YES_AGGRESSIVE;
				GCC_WARN_UNUSED_FUNCTION = YES;
				GCC_WARN_UNUSED_VARIABLE = YES;
				MACOSX_DEPLOYMENT_TARGET = 10.10;
				MTL_ENABLE_DEBUG_INFO = NO;
				SDKROOT = macosx;
			};
			name = Release;
		};
		0924E3011A95E1440014A98C /* Debug */ = {
			isa = XCBuildConfiguration;
			buildSettings = {
				PRODUCT_NAME = "$(TARGET_NAME)";
			};
			name = Debug;
		};
		0924E3021A95E1440014A98C /* Release */ = {
			isa = XCBuildConfiguration;
			buildSettings = {
				PRODUCT_NAME = "$(TARGET_NAME)";
			};
			name = Release;
		};
/* End XCBuildConfiguration section */

/* Begin XCConfigurationList section */
		0924E2F41A95E1440014A98C /* Build configuration list for PBXProject "j8" */ = {
			isa = XCConfigurationList;
			buildConfigurations = (
				0924E2FE1A95E1440014A98C /* Debug */,
				0924E2FF1A95E1440014A98C /* Release */,
			);
			defaultConfigurationIsVisible = 0;
			defaultConfigurationName = Release;
		};
		0924E3001A95E1440014A98C /* Build configuration list for PBXNativeTarget "j8" */ = {
			isa = XCConfigurationList;
			buildConfigurations = (
				0924E3011A95E1440014A98C /* Debug */,
				0924E3021A95E1440014A98C /* Release */,
			);
			defaultConfigurationIsVisible = 0;
			defaultConfigurationName = Release;
		};
/* End XCConfigurationList section */
	};
	rootObject = 0924E2F11A95E1440014A98C /* Project object */;
}
